
Microsoft Visual Studio Solution File, Format Version 12.00
# Visual Studio Version 16
VisualStudioVersion = 25.0.1703.0
MinimumVisualStudioVersion = 10.0.40219.1
Project("{FAE04EC0-301F-11D3-BF4B-00C04F79EFBC}") = "SecureClient", "SecureClient.csproj", "{D6DA5EFD-CDA7-4B83-A42E-B5F12FAE5081}"
EndProject
Global
	GlobalSection(SolutionConfigurationPlatforms) = preSolution
		Debug|Any CPU = Debug|Any CPU
		Release|Any CPU = Release|Any CPU
	EndGlobalSection
	GlobalSection(ProjectConfigurationPlatforms) = postSolution
		{D6DA5EFD-CDA7-4B83-A42E-B5F12FAE5081}.Debug|Any CPU.ActiveCfg = Debug|Any CPU
		{D6DA5EFD-CDA7-4B83-A42E-B5F12FAE5081}.Debug|Any CPU.Build.0 = Debug|Any CPU
		{D6DA5EFD-CDA7-4B83-A42E-B5F12FAE5081}.Release|Any CPU.ActiveCfg = Release|Any CPU
		{D6DA5EFD-CDA7-4B83-A42E-B5F12FAE5081}.Release|Any CPU.Build.0 = Release|Any CPU
	EndGlobalSection
	GlobalSection(SolutionProperties) = preSolution
		HideSolutionNode = FALSE
	EndGlobalSection
	GlobalSection(ExtensibilityGlobals) = postSolution
		SolutionGuid = {12A431EA-A5B3-4BBF-B2CE-F3D3BC72DC65}
	EndGlobalSection
EndGlobal
